{
  "originHash" : "fb1f9a418ab10d026f532e64653bacc6e8ec68406acec3837c43ee61119e0e8c",
  "pins" : [
    {
      "identity" : "eudi-lib-ios-iso18013-data-model",
      "kind" : "remoteSourceControl",
      "location" : "https://github.com/JHeisecke/eudi-lib-ios-iso18013-data-model.git",
      "state" : {
        "branch" : "main",
        "revision" : "03a5d0a7c5ae786ce83237e38b327e6779816ba3"
      }
    },
    {
      "identity" : "swift-asn1",
      "kind" : "remoteSourceControl",
      "location" : "https://github.com/JHeisecke/swift-asn1.git",
      "state" : {
        "branch" : "main",
        "revision" : "9793159c0b6ad29b4504c519b17c851b04cc5608"
      }
    },
    {
      "identity" : "swift-certificates",
      "kind" : "remoteSourceControl",
      "location" : "https://github.com/JHeisecke/swift-certificates.git",
      "state" : {
        "branch" : "fix/swift-6.2-library-evolution-inlinable",
        "revision" : "5c0c615a57805135da036d0f1b7093fe94031cd4"
      }
    },
    {
      "identity" : "swift-collections",
      "kind" : "remoteSourceControl",
      "location" : "https://github.com/JHeisecke/swift-collections.git",
      "state" : {
        "branch" : "main",
        "revision" : "53eabd584381ca5bf83adae39c15169d27bd844b"
      }
    },
    {
      "identity" : "swift-crypto",
      "kind" : "remoteSourceControl",
      "location" : "https://github.com/JHeisecke/swift-crypto.git",
      "state" : {
        "branch" : "fix/swift-6.2-library-evolution-inlinable",
        "revision" : "32a296939b786943224c9d49e7e538020dc9edd2"
      }
    },
    {
      "identity" : "swift-log",
      "kind" : "remoteSourceControl",
      "location" : "https://github.com/JHeisecke/swift-log.git",
      "state" : {
        "branch" : "fix/swift-6.2-library-evolution-inlinable",
        "revision" : "0ed72548f95245a88307265393891c341f04ca02"
      }
    },
    {
      "identity" : "swift-syntax",
      "kind" : "remoteSourceControl",
      "location" : "https://github.com/swiftlang/swift-syntax.git",
      "state" : {
        "revision" : "64889f0c732f210a935a0ad7cda38f77f876262d",
        "version" : "509.1.1"
      }
    },
    {
      "identity" : "swiftcbor",
      "kind" : "remoteSourceControl",
      "location" : "https://github.com/JHeisecke/SwiftCBOR.git",
      "state" : {
        "branch" : "master",
        "revision" : "524c2b1d5db8daf3b5a2cfcd838dbe24a4b07757"
      }
    },
    {
      "identity" : "swiftcopyablemacro",
      "kind" : "remoteSourceControl",
      "location" : "https://github.com/eu-digital-identity-wallet/SwiftCopyableMacro.git",
      "state" : {
        "revision" : "d535b0836be52c846d87605adad1205445e4dc35",
        "version" : "0.0.4"
      }
    },
    {
      "identity" : "swiftyjson",
      "kind" : "remoteSourceControl",
      "location" : "https://github.com/SwiftyJSON/SwiftyJSON.git",
      "state" : {
        "revision" : "af76cf3ef710b6ca5f8c05f3a31307d44a3c5828",
        "version" : "5.0.2"
      }
    }
  ],
  "version" : 3
}
